<?xml version="1.0" encoding="utf-8"?>
<Project ToolsVersion="4.0" xmlns="http://schemas.microsoft.com/developer/msbuild/2003">
  <ItemGroup>
    <Filter Include="Source Files">
      <UniqueIdentifier>{4FC737F1-C7A5-4376-A066-2A32D752A2FF}</UniqueIdentifier>
      <Extensions>cpp;c;cc;cxx;def;odl;idl;hpj;bat;asm;asmx</Extensions>
    </Filter>
    <Filter Include="Header Files">
      <UniqueIdentifier>{93995380-89BD-4b04-88EB-625FBE52EBFB}</UniqueIdentifier>
      <Extensions>h;hh;hpp;hxx;hm;inl;inc;xsd</Extensions>
    </Filter>
    <Filter Include="Resource Files">
      <UniqueIdentifier>{67DA6AB6-F800-4c08-8B7A-83BB121AAD01}</UniqueIdentifier>
      <Extensions>rc;ico;cur;bmp;dlg;rc2;rct;bin;rgs;gif;jpg;jpeg;jpe;resx;tiff;tif;png;wav;mfcribbon-ms</Extensions>
    </Filter>
    <Filter Include="Source Files\util">
      <UniqueIdentifier>{965edf08-4d07-45e9-90f7-707883a453e3}</UniqueIdentifier>
    </Filter>
    <Filter Include="Header Files\util">
      <UniqueIdentifier>{f16b0276-4b22-49c2-9f54-125d98d54979}</UniqueIdentifier>
    </Filter>
  </ItemGroup>
  <ItemGroup>
    <ClInclude Include="..\..\src\test\test.h">
      <Filter>Header Files</Filter>
    </ClInclude>
    <ClInclude Include="..\..\src\test\util\consumer_stream.h">
      <Filter>Header Files\util</Filter>
    </ClInclude>
    <ClInclude Include="..\..\src\test\util\map_rec.h">
      <Filter>Header Files\util</Filter>
    </ClInclude>
    <ClInclude Include="..\..\src\test\util\producer_stream.h">
      <Filter>Header Files\util</Filter>
    </ClInclude>
    <ClInclude Include="..\..\src\test\util\test_aerospike.h">
      <Filter>Header Files\util</Filter>
    </ClInclude>
    <ClInclude Include="..\..\src\test\util\test_logger.h">
      <Filter>Header Files\util</Filter>
    </ClInclude>
  </ItemGroup>
  <ItemGroup>
    <ClCompile Include="..\..\src\test\mod_lua_test.c">
      <Filter>Source Files</Filter>
    </ClCompile>
    <ClCompile Include="..\..\src\test\test.c">
      <Filter>Source Files</Filter>
    </ClCompile>
    <ClCompile Include="..\..\src\test\util\consumer_stream.c">
      <Filter>Source Files\util</Filter>
    </ClCompile>
    <ClCompile Include="..\..\src\test\util\map_rec.c">
      <Filter>Source Files\util</Filter>
    </ClCompile>
    <ClCompile Include="..\..\src\test\util\producer_stream.c">
      <Filter>Source Files\util</Filter>
    </ClCompile>
    <ClCompile Include="..\..\src\test\util\test_aerospike.c">
      <Filter>Source Files\util</Filter>
    </ClCompile>
    <ClCompile Include="..\..\src\test\util\test_logger.c">
      <Filter>Source Files\util</Filter>
    </ClCompile>
    <ClCompile Include="..\..\src\test\list\list_udf.c">
      <Filter>Source Files</Filter>
    </ClCompile>
    <ClCompile Include="..\..\src\test\record\record_udf.c">
      <Filter>Source Files</Filter>
    </ClCompile>
    <ClCompile Include="..\..\src\test\stream\stream_udf.c">
      <Filter>Source Files</Filter>
    </ClCompile>
    <ClCompile Include="..\..\src\test\validation\validation_basics.c">
      <Filter>Source Files</Filter>
    </ClCompile>
    <ClCompile Include="..\..\src\test\hash\hash_udf.c">
      <Filter>Source Files</Filter>
    </ClCompile>
  </ItemGroup>
  <ItemGroup>
    <None Include="packages.config" />
  </ItemGroup>
</Project>